
Microsoft Visual Studio Solution File, Format Version 12.00
# Visual Studio Version 17
VisualStudioVersion = 17.1.32319.34
MinimumVisualStudioVersion = 10.0.40219.1
Project("{2150E333-8FDC-42A3-9474-1A3956D46DE8}") = "src", "src", "{8E7950D9-81EC-4007-870F-C42B342EE6FE}"
EndProject
Project("{2150E333-8FDC-42A3-9474-1A3956D46DE8}") = "Api", "Api", "{8CD0A6BC-5650-4744-9C53-C45FE9F8E3B4}"
EndProject
Project("{2150E333-8FDC-42A3-9474-1A3956D46DE8}") = "Core", "Core", "{1314E5F0-059D-4674-943B-5AC5C0A69213}"
EndProject
Project("{2150E333-8FDC-42A3-9474-1A3956D46DE8}") = "WebApi", "WebApi", "{AF4A7132-3184-4EE1-8B0F-47E0E74F1F19}"
EndProject
Project("{2150E333-8FDC-42A3-9474-1A3956D46DE8}") = "Common", "Common", "{E242D86A-3A5B-4929-9957-D73BAFE59830}"
EndProject
Project("{2150E333-8FDC-42A3-9474-1A3956D46DE8}") = "Test", "Test", "{522C3A12-0FB9-40D7-BC95-10CE3C0E56D7}"
EndProject
Project("{2150E333-8FDC-42A3-9474-1A3956D46DE8}") = "Infrastructure", "Infrastructure", "{15CE945C-0176-4AE5-918F-FF51101662BB}"
EndProject
Project("{FAE04EC0-301F-11D3-BF4B-00C04F79EFBC}") = "Albelli.Common", "src\Common\Albelli.Common\Albelli.Common.csproj", "{DA7E33FC-0855-4B20-B08B-4E77BCD6E642}"
EndProject
Project("{FAE04EC0-301F-11D3-BF4B-00C04F79EFBC}") = "Albelli.Api.Application", "src\Api\Core\Albelli.Api.Application\Albelli.Api.Application.csproj", "{639E0046-86CD-4CDD-AC25-93CE676AF8DB}"
EndProject
Project("{FAE04EC0-301F-11D3-BF4B-00C04F79EFBC}") = "Albelli.Infrastructure.Persistence", "src\Api\Infrastructure\Albelli.Infrastructure.Persistence\Albelli.Infrastructure.Persistence.csproj", "{5BD2D47F-8132-4173-BE5E-3F2CC57FA7C8}"
EndProject
Project("{FAE04EC0-301F-11D3-BF4B-00C04F79EFBC}") = "Albelli.Api.Domain", "src\Api\Core\Albelli.Api.Domain\Albelli.Api.Domain.csproj", "{BA7D22AD-163D-4E09-96EC-7489D7F600D8}"
EndProject
Project("{FAE04EC0-301F-11D3-BF4B-00C04F79EFBC}") = "Albelli.Api.WebApi", "src\Api\WebApi\Albelli.Api.WebApi\Albelli.Api.WebApi.csproj", "{4398D68D-C35F-456C-9AC8-D884B2C892BA}"
EndProject
Project("{FAE04EC0-301F-11D3-BF4B-00C04F79EFBC}") = "Albelli.Api.Test", "src\Test\Albelli.Api.Test\Albelli.Api.Test.csproj", "{5AAAEB8A-855E-4FE7-AB80-3C594CDC4494}"
EndProject
Global
	GlobalSection(SolutionConfigurationPlatforms) = preSolution
		Debug|Any CPU = Debug|Any CPU
		Release|Any CPU = Release|Any CPU
	EndGlobalSection
	GlobalSection(ProjectConfigurationPlatforms) = postSolution
		{DA7E33FC-0855-4B20-B08B-4E77BCD6E642}.Debug|Any CPU.ActiveCfg = Debug|Any CPU
		{DA7E33FC-0855-4B20-B08B-4E77BCD6E642}.Debug|Any CPU.Build.0 = Debug|Any CPU
		{DA7E33FC-0855-4B20-B08B-4E77BCD6E642}.Release|Any CPU.ActiveCfg = Release|Any CPU
		{DA7E33FC-0855-4B20-B08B-4E77BCD6E642}.Release|Any CPU.Build.0 = Release|Any CPU
		{639E0046-86CD-4CDD-AC25-93CE676AF8DB}.Debug|Any CPU.ActiveCfg = Debug|Any CPU
		{639E0046-86CD-4CDD-AC25-93CE676AF8DB}.Debug|Any CPU.Build.0 = Debug|Any CPU
		{639E0046-86CD-4CDD-AC25-93CE676AF8DB}.Release|Any CPU.ActiveCfg = Release|Any CPU
		{639E0046-86CD-4CDD-AC25-93CE676AF8DB}.Release|Any CPU.Build.0 = Release|Any CPU
		{5BD2D47F-8132-4173-BE5E-3F2CC57FA7C8}.Debug|Any CPU.ActiveCfg = Debug|Any CPU
		{5BD2D47F-8132-4173-BE5E-3F2CC57FA7C8}.Debug|Any CPU.Build.0 = Debug|Any CPU
		{5BD2D47F-8132-4173-BE5E-3F2CC57FA7C8}.Release|Any CPU.ActiveCfg = Release|Any CPU
		{5BD2D47F-8132-4173-BE5E-3F2CC57FA7C8}.Release|Any CPU.Build.0 = Release|Any CPU
		{BA7D22AD-163D-4E09-96EC-7489D7F600D8}.Debug|Any CPU.ActiveCfg = Debug|Any CPU
		{BA7D22AD-163D-4E09-96EC-7489D7F600D8}.Debug|Any CPU.Build.0 = Debug|Any CPU
		{BA7D22AD-163D-4E09-96EC-7489D7F600D8}.Release|Any CPU.ActiveCfg = Release|Any CPU
		{BA7D22AD-163D-4E09-96EC-7489D7F600D8}.Release|Any CPU.Build.0 = Release|Any CPU
		{4398D68D-C35F-456C-9AC8-D884B2C892BA}.Debug|Any CPU.ActiveCfg = Debug|Any CPU
		{4398D68D-C35F-456C-9AC8-D884B2C892BA}.Debug|Any CPU.Build.0 = Debug|Any CPU
		{4398D68D-C35F-456C-9AC8-D884B2C892BA}.Release|Any CPU.ActiveCfg = Release|Any CPU
		{4398D68D-C35F-456C-9AC8-D884B2C892BA}.Release|Any CPU.Build.0 = Release|Any CPU
		{5AAAEB8A-855E-4FE7-AB80-3C594CDC4494}.Debug|Any CPU.ActiveCfg = Debug|Any CPU
		{5AAAEB8A-855E-4FE7-AB80-3C594CDC4494}.Debug|Any CPU.Build.0 = Debug|Any CPU
		{5AAAEB8A-855E-4FE7-AB80-3C594CDC4494}.Release|Any CPU.ActiveCfg = Release|Any CPU
		{5AAAEB8A-855E-4FE7-AB80-3C594CDC4494}.Release|Any CPU.Build.0 = Release|Any CPU
	EndGlobalSection
	GlobalSection(SolutionProperties) = preSolution
		HideSolutionNode = FALSE
	EndGlobalSection
	GlobalSection(NestedProjects) = preSolution
		{8CD0A6BC-5650-4744-9C53-C45FE9F8E3B4} = {8E7950D9-81EC-4007-870F-C42B342EE6FE}
		{1314E5F0-059D-4674-943B-5AC5C0A69213} = {8CD0A6BC-5650-4744-9C53-C45FE9F8E3B4}
		{AF4A7132-3184-4EE1-8B0F-47E0E74F1F19} = {8CD0A6BC-5650-4744-9C53-C45FE9F8E3B4}
		{E242D86A-3A5B-4929-9957-D73BAFE59830} = {8E7950D9-81EC-4007-870F-C42B342EE6FE}
		{522C3A12-0FB9-40D7-BC95-10CE3C0E56D7} = {8E7950D9-81EC-4007-870F-C42B342EE6FE}
		{15CE945C-0176-4AE5-918F-FF51101662BB} = {8CD0A6BC-5650-4744-9C53-C45FE9F8E3B4}
		{DA7E33FC-0855-4B20-B08B-4E77BCD6E642} = {E242D86A-3A5B-4929-9957-D73BAFE59830}
		{639E0046-86CD-4CDD-AC25-93CE676AF8DB} = {1314E5F0-059D-4674-943B-5AC5C0A69213}
		{5BD2D47F-8132-4173-BE5E-3F2CC57FA7C8} = {15CE945C-0176-4AE5-918F-FF51101662BB}
		{BA7D22AD-163D-4E09-96EC-7489D7F600D8} = {1314E5F0-059D-4674-943B-5AC5C0A69213}
		{4398D68D-C35F-456C-9AC8-D884B2C892BA} = {AF4A7132-3184-4EE1-8B0F-47E0E74F1F19}
		{5AAAEB8A-855E-4FE7-AB80-3C594CDC4494} = {522C3A12-0FB9-40D7-BC95-10CE3C0E56D7}
	EndGlobalSection
	GlobalSection(ExtensibilityGlobals) = postSolution
		SolutionGuid = {A17B4E05-35BA-4045-8F87-CAB89E4CE85E}
	EndGlobalSection
EndGlobal
